
Microsoft Visual Studio Solution File, Format Version 12.00
# Visual Studio Version 17
VisualStudioVersion = 17.0.31919.166
MinimumVisualStudioVersion = 10.0.40219.1
Project("{8BC9CEB8-8B4A-11D0-8D11-00A0C91BC942}") = "Six Degrees of Separation", "Six Degrees of Separation\Six Degrees of Separation.vcxproj", "{091DFDD3-A290-41AB-876D-E5E4A4C9472E}"
EndProject
Global
	GlobalSection(SolutionConfigurationPlatforms) = preSolution
		Debug|x64 = Debug|x64
		Debug|x86 = Debug|x86
		Release|x64 = Release|x64
		Release|x86 = Release|x86
	EndGlobalSection
	GlobalSection(ProjectConfigurationPlatforms) = postSolution
		{091DFDD3-A290-41AB-876D-E5E4A4C9472E}.Debug|x64.ActiveCfg = Debug|x64
		{091DFDD3-A290-41AB-876D-E5E4A4C9472E}.Debug|x64.Build.0 = Debug|x64
		{091DFDD3-A290-41AB-876D-E5E4A4C9472E}.Debug|x86.ActiveCfg = Debug|Win32
		{091DFDD3-A290-41AB-876D-E5E4A4C9472E}.Debug|x86.Build.0 = Debug|Win32
		{091DFDD3-A290-41AB-876D-E5E4A4C9472E}.Release|x64.ActiveCfg = Release|x64
		{091DFDD3-A290-41AB-876D-E5E4A4C9472E}.Release|x64.Build.0 = Release|x64
		{091DFDD3-A290-41AB-876D-E5E4A4C9472E}.Release|x86.ActiveCfg = Release|Win32
		{091DFDD3-A290-41AB-876D-E5E4A4C9472E}.Release|x86.Build.0 = Release|Win32
	EndGlobalSection
	GlobalSection(SolutionProperties) = preSolution
		HideSolutionNode = FALSE
	EndGlobalSection
	GlobalSection(ExtensibilityGlobals) = postSolution
		SolutionGuid = {917DFAC4-46DF-4A7B-9E2E-B36B8D57A41A}
	EndGlobalSection
EndGlobal
